// !$*UTF8*$!
{
	archiveVersion = 1;
	classes = {
	};
	objectVersion = 51;
	objects = {

/* Begin PBXBuildFile section */
		04A67C5026FF402E003DBDB0 /* AppDelegate.swift in Sources */ = {isa = PBXBuildFile; fileRef = 04A67C4F26FF402E003DBDB0 /* AppDelegate.swift */; };
		04A67C5226FF402E003DBDB0 /* SceneDelegate.swift in Sources */ = {isa = PBXBuildFile; fileRef = 04A67C5126FF402E003DBDB0 /* SceneDelegate.swift */; };
		04A67C5426FF402E003DBDB0 /* ViewController.swift in Sources */ = {isa = PBXBuildFile; fileRef = 04A67C5326FF402E003DBDB0 /* ViewController.swift */; };
		04A67C5726FF402E003DBDB0 /* Main.storyboard in Resources */ = {isa = PBXBuildFile; fileRef = 04A67C5526FF402E003DBDB0 /* Main.storyboard */; };
		04A67C5A26FF402E003DBDB0 /* WindscribeChallenge.xcdatamodeld in Sources */ = {isa = PBXBuildFile; fileRef = 04A67C5826FF402E003DBDB0 /* WindscribeChallenge.xcdatamodeld */; };
		04A67C5C26FF4030003DBDB0 /* Assets.xcassets in Resources */ = {isa = PBXBuildFile; fileRef = 04A67C5B26FF4030003DBDB0 /* Assets.xcassets */; };
		04A67C5F26FF4030003DBDB0 /* LaunchScreen.storyboard in Resources */ = {isa = PBXBuildFile; fileRef = 04A67C5D26FF4030003DBDB0 /* LaunchScreen.storyboard */; };
		7574D7632700216C00B64842 /* NetworkExtension.framework in Frameworks */ = {isa = PBXBuildFile; fileRef = 7574D7622700216C00B64842 /* NetworkExtension.framework */; };
		7574D76A270045EF00B64842 /* VPNManager.swift in Sources */ = {isa = PBXBuildFile; fileRef = 7574D769270045EF00B64842 /* VPNManager.swift */; };
		7574D76D270049D100B64842 /* String.swift in Sources */ = {isa = PBXBuildFile; fileRef = 7574D76C270049D100B64842 /* String.swift */; };
		7574D772270058E100B64842 /* KeychainWrapper.swift in Sources */ = {isa = PBXBuildFile; fileRef = 7574D770270058E100B64842 /* KeychainWrapper.swift */; };
		7574D773270058E100B64842 /* KeychainItemAccessibility.swift in Sources */ = {isa = PBXBuildFile; fileRef = 7574D771270058E100B64842 /* KeychainItemAccessibility.swift */; };
		E54CC0A0FA9648ACCED69A90 /* Pods_WindscribeChallenge.framework in Frameworks */ = {isa = PBXBuildFile; fileRef = 74A372E7BE5BD8078C39D265 /* Pods_WindscribeChallenge.framework */; };
/* End PBXBuildFile section */

/* Begin PBXFileReference section */
		04A67C4C26FF402E003DBDB0 /* WindscribeChallenge.app */ = {isa = PBXFileReference; explicitFileType = wrapper.application; includeInIndex = 0; path = WindscribeChallenge.app; sourceTree = BUILT_PRODUCTS_DIR; };
		04A67C4F26FF402E003DBDB0 /* AppDelegate.swift */ = {isa = PBXFileReference; lastKnownFileType = sourcecode.swift; path = AppDelegate.swift; sourceTree = "<group>"; };
		04A67C5126FF402E003DBDB0 /* SceneDelegate.swift */ = {isa = PBXFileReference; lastKnownFileType = sourcecode.swift; path = SceneDelegate.swift; sourceTree = "<group>"; };
		04A67C5326FF402E003DBDB0 /* ViewController.swift */ = {isa = PBXFileReference; lastKnownFileType = sourcecode.swift; path = ViewController.swift; sourceTree = "<group>"; };
		04A67C5626FF402E003DBDB0 /* Base */ = {isa = PBXFileReference; lastKnownFileType = file.storyboard; name = Base; path = Base.lproj/Main.storyboard; sourceTree = "<group>"; };
		04A67C5926FF402E003DBDB0 /* WindscribeChallenge.xcdatamodel */ = {isa = PBXFileReference; lastKnownFileType = wrapper.xcdatamodel; path = WindscribeChallenge.xcdatamodel; sourceTree = "<group>"; };
		04A67C5B26FF4030003DBDB0 /* Assets.xcassets */ = {isa = PBXFileReference; lastKnownFileType = folder.assetcatalog; path = Assets.xcassets; sourceTree = "<group>"; };
		04A67C5E26FF4030003DBDB0 /* Base */ = {isa = PBXFileReference; lastKnownFileType = file.storyboard; name = Base; path = Base.lproj/LaunchScreen.storyboard; sourceTree = "<group>"; };
		04A67C6026FF4030003DBDB0 /* Info.plist */ = {isa = PBXFileReference; lastKnownFileType = text.plist.xml; path = Info.plist; sourceTree = "<group>"; };
		74A372E7BE5BD8078C39D265 /* Pods_WindscribeChallenge.framework */ = {isa = PBXFileReference; explicitFileType = wrapper.framework; includeInIndex = 0; path = Pods_WindscribeChallenge.framework; sourceTree = BUILT_PRODUCTS_DIR; };
		7574D7612700216B00B64842 /* WindscribeChallenge.entitlements */ = {isa = PBXFileReference; lastKnownFileType = text.plist.entitlements; path = WindscribeChallenge.entitlements; sourceTree = "<group>"; };
		7574D7622700216C00B64842 /* NetworkExtension.framework */ = {isa = PBXFileReference; lastKnownFileType = wrapper.framework; name = NetworkExtension.framework; path = System/Library/Frameworks/NetworkExtension.framework; sourceTree = SDKROOT; };
		7574D769270045EF00B64842 /* VPNManager.swift */ = {isa = PBXFileReference; lastKnownFileType = sourcecode.swift; path = VPNManager.swift; sourceTree = "<group>"; };
		7574D76C270049D100B64842 /* String.swift */ = {isa = PBXFileReference; lastKnownFileType = sourcecode.swift; path = String.swift; sourceTree = "<group>"; };
		7574D770270058E100B64842 /* KeychainWrapper.swift */ = {isa = PBXFileReference; fileEncoding = 4; lastKnownFileType = sourcecode.swift; path = KeychainWrapper.swift; sourceTree = "<group>"; };
		7574D771270058E100B64842 /* KeychainItemAccessibility.swift */ = {isa = PBXFileReference; fileEncoding = 4; lastKnownFileType = sourcecode.swift; path = KeychainItemAccessibility.swift; sourceTree = "<group>"; };
		9F77FC365F61B333EE2DDE89 /* Pods-WindscribeChallenge.debug.xcconfig */ = {isa = PBXFileReference; includeInIndex = 1; lastKnownFileType = text.xcconfig; name = "Pods-WindscribeChallenge.debug.xcconfig"; path = "Target Support Files/Pods-WindscribeChallenge/Pods-WindscribeChallenge.debug.xcconfig"; sourceTree = "<group>"; };
		F1BB61F6117A97594D81B26A /* Pods-WindscribeChallenge.release.xcconfig */ = {isa = PBXFileReference; includeInIndex = 1; lastKnownFileType = text.xcconfig; name = "Pods-WindscribeChallenge.release.xcconfig"; path = "Target Support Files/Pods-WindscribeChallenge/Pods-WindscribeChallenge.release.xcconfig"; sourceTree = "<group>"; };
/* End PBXFileReference section */

/* Begin PBXFrameworksBuildPhase section */
		04A67C4926FF402E003DBDB0 /* Frameworks */ = {
			isa = PBXFrameworksBuildPhase;
			buildActionMask = 2147483647;
			files = (
				E54CC0A0FA9648ACCED69A90 /* Pods_WindscribeChallenge.framework in Frameworks */,
				7574D7632700216C00B64842 /* NetworkExtension.framework in Frameworks */,
			);
			runOnlyForDeploymentPostprocessing = 0;
		};
/* End PBXFrameworksBuildPhase section */

/* Begin PBXGroup section */
		04A67C4326FF402E003DBDB0 = {
			isa = PBXGroup;
			children = (
				04A67C4E26FF402E003DBDB0 /* WindscribeChallenge */,
				04A67C4D26FF402E003DBDB0 /* Products */,
				DB77BF90547A7EFC9708BEC6 /* Pods */,
				2309A33CE14BADA65CB73BB7 /* Frameworks */,
			);
			sourceTree = "<group>";
		};
		04A67C4D26FF402E003DBDB0 /* Products */ = {
			isa = PBXGroup;
			children = (
				04A67C4C26FF402E003DBDB0 /* WindscribeChallenge.app */,
			);
			name = Products;
			sourceTree = "<group>";
		};
		04A67C4E26FF402E003DBDB0 /* WindscribeChallenge */ = {
			isa = PBXGroup;
			children = (
				7574D767270045CC00B64842 /* Common */,
				7574D764270044F800B64842 /* Delegates */,
				7574D76B270049C700B64842 /* Extensions */,
				7574D768270045DC00B64842 /* Manager */,
				7574D7662700451B00B64842 /* Resources */,
				7574D76E270058C400B64842 /* ThirdParty */,
			);
			path = WindscribeChallenge;
			sourceTree = "<group>";
		};
		2309A33CE14BADA65CB73BB7 /* Frameworks */ = {
			isa = PBXGroup;
			children = (
				7574D7622700216C00B64842 /* NetworkExtension.framework */,
				74A372E7BE5BD8078C39D265 /* Pods_WindscribeChallenge.framework */,
			);
			name = Frameworks;
			sourceTree = "<group>";
		};
		7574D764270044F800B64842 /* Delegates */ = {
			isa = PBXGroup;
			children = (
				04A67C4F26FF402E003DBDB0 /* AppDelegate.swift */,
				04A67C5126FF402E003DBDB0 /* SceneDelegate.swift */,
			);
			path = Delegates;
			sourceTree = "<group>";
		};
		7574D7662700451B00B64842 /* Resources */ = {
			isa = PBXGroup;
			children = (
				7574D7612700216B00B64842 /* WindscribeChallenge.entitlements */,
				04A67C5526FF402E003DBDB0 /* Main.storyboard */,
				04A67C5B26FF4030003DBDB0 /* Assets.xcassets */,
				04A67C5D26FF4030003DBDB0 /* LaunchScreen.storyboard */,
				04A67C6026FF4030003DBDB0 /* Info.plist */,
				04A67C5826FF402E003DBDB0 /* WindscribeChallenge.xcdatamodeld */,
			);
			path = Resources;
			sourceTree = "<group>";
		};
		7574D767270045CC00B64842 /* Common */ = {
			isa = PBXGroup;
			children = (
				04A67C5326FF402E003DBDB0 /* ViewController.swift */,
			);
			path = Common;
			sourceTree = "<group>";
		};
		7574D768270045DC00B64842 /* Manager */ = {
			isa = PBXGroup;
			children = (
				7574D769270045EF00B64842 /* VPNManager.swift */,
			);
			path = Manager;
			sourceTree = "<group>";
		};
		7574D76B270049C700B64842 /* Extensions */ = {
			isa = PBXGroup;
			children = (
				7574D76C270049D100B64842 /* String.swift */,
			);
			path = Extensions;
			sourceTree = "<group>";
		};
		7574D76E270058C400B64842 /* ThirdParty */ = {
			isa = PBXGroup;
			children = (
				7574D76F270058CF00B64842 /* Keychain */,
			);
			path = ThirdParty;
			sourceTree = "<group>";
		};
		7574D76F270058CF00B64842 /* Keychain */ = {
			isa = PBXGroup;
			children = (
				7574D771270058E100B64842 /* KeychainItemAccessibility.swift */,
				7574D770270058E100B64842 /* KeychainWrapper.swift */,
			);
			path = Keychain;
			sourceTree = "<group>";
		};
		DB77BF90547A7EFC9708BEC6 /* Pods */ = {
			isa = PBXGroup;
			children = (
				9F77FC365F61B333EE2DDE89 /* Pods-WindscribeChallenge.debug.xcconfig */,
				F1BB61F6117A97594D81B26A /* Pods-WindscribeChallenge.release.xcconfig */,
			);
			path = Pods;
			sourceTree = "<group>";
		};
/* End PBXGroup section */

/* Begin PBXNativeTarget section */
		04A67C4B26FF402E003DBDB0 /* WindscribeChallenge */ = {
			isa = PBXNativeTarget;
			buildConfigurationList = 04A67C6326FF4030003DBDB0 /* Build configuration list for PBXNativeTarget "WindscribeChallenge" */;
			buildPhases = (
				9764B78DC261307BDD1E9F15 /* [CP] Check Pods Manifest.lock */,
				04A67C4826FF402E003DBDB0 /* Sources */,
				04A67C4926FF402E003DBDB0 /* Frameworks */,
				04A67C4A26FF402E003DBDB0 /* Resources */,
				04A67C6826FF432A003DBDB0 /* Swiftlint */,
			);
			buildRules = (
			);
			dependencies = (
			);
			name = WindscribeChallenge;
			productName = WindscribeChallenge;
			productReference = 04A67C4C26FF402E003DBDB0 /* WindscribeChallenge.app */;
			productType = "com.apple.product-type.application";
		};
/* End PBXNativeTarget section */

/* Begin PBXProject section */
		04A67C4426FF402E003DBDB0 /* Project object */ = {
			isa = PBXProject;
			attributes = {
				LastSwiftUpdateCheck = 1250;
				LastUpgradeCheck = 1250;
				TargetAttributes = {
					04A67C4B26FF402E003DBDB0 = {
						CreatedOnToolsVersion = 12.5.1;
					};
				};
			};
			buildConfigurationList = 04A67C4726FF402E003DBDB0 /* Build configuration list for PBXProject "WindscribeChallenge" */;
			compatibilityVersion = "Xcode 9.3";
			developmentRegion = en;
			hasScannedForEncodings = 0;
			knownRegions = (
				en,
				Base,
			);
			mainGroup = 04A67C4326FF402E003DBDB0;
			productRefGroup = 04A67C4D26FF402E003DBDB0 /* Products */;
			projectDirPath = "";
			projectRoot = "";
			targets = (
				04A67C4B26FF402E003DBDB0 /* WindscribeChallenge */,
			);
		};
/* End PBXProject section */

/* Begin PBXResourcesBuildPhase section */
		04A67C4A26FF402E003DBDB0 /* Resources */ = {
			isa = PBXResourcesBuildPhase;
			buildActionMask = 2147483647;
			files = (
				04A67C5F26FF4030003DBDB0 /* LaunchScreen.storyboard in Resources */,
				04A67C5C26FF4030003DBDB0 /* Assets.xcassets in Resources */,
				04A67C5726FF402E003DBDB0 /* Main.storyboard in Resources */,
			);
			runOnlyForDeploymentPostprocessing = 0;
		};
/* End PBXResourcesBuildPhase section */

/* Begin PBXShellScriptBuildPhase section */
		04A67C6826FF432A003DBDB0 /* Swiftlint */ = {
			isa = PBXShellScriptBuildPhase;
			buildActionMask = 2147483647;
			files = (
			);
			inputFileListPaths = (
			);
			inputPaths = (
			);
			name = Swiftlint;
			outputFileListPaths = (
			);
			outputPaths = (
			);
			runOnlyForDeploymentPostprocessing = 0;
			shellPath = /bin/sh;
			shellScript = "if test -d \"/opt/homebrew/bin/\"; then\n  PATH=\"/opt/homebrew/bin/:${PATH}\"\nfi\n\nexport PATH\n\nif which swiftlint >/dev/null; then\n  swiftlint\nelse\n  echo \"warning: SwiftLint not installed, download from https://github.com/realm/SwiftLint\"\nfi\n";
		};
		9764B78DC261307BDD1E9F15 /* [CP] Check Pods Manifest.lock */ = {
			isa = PBXShellScriptBuildPhase;
			buildActionMask = 2147483647;
			files = (
			);
			inputFileListPaths = (
			);
			inputPaths = (
				"${PODS_PODFILE_DIR_PATH}/Podfile.lock",
				"${PODS_ROOT}/Manifest.lock",
			);
			name = "[CP] Check Pods Manifest.lock";
			outputFileListPaths = (
			);
			outputPaths = (
				"$(DERIVED_FILE_DIR)/Pods-WindscribeChallenge-checkManifestLockResult.txt",
			);
			runOnlyForDeploymentPostprocessing = 0;
			shellPath = /bin/sh;
			shellScript = "diff \"${PODS_PODFILE_DIR_PATH}/Podfile.lock\" \"${PODS_ROOT}/Manifest.lock\" > /dev/null\nif [ $? != 0 ] ; then\n    # print error to STDERR\n    echo \"error: The sandbox is not in sync with the Podfile.lock. Run 'pod install' or update your CocoaPods installation.\" >&2\n    exit 1\nfi\n# This output is used by Xcode 'outputs' to avoid re-running this script phase.\necho \"SUCCESS\" > \"${SCRIPT_OUTPUT_FILE_0}\"\n";
			showEnvVarsInLog = 0;
		};
/* End PBXShellScriptBuildPhase section */

/* Begin PBXSourcesBuildPhase section */
		04A67C4826FF402E003DBDB0 /* Sources */ = {
			isa = PBXSourcesBuildPhase;
			buildActionMask = 2147483647;
			files = (
				7574D76D270049D100B64842 /* String.swift in Sources */,
				04A67C5426FF402E003DBDB0 /* ViewController.swift in Sources */,
				04A67C5026FF402E003DBDB0 /* AppDelegate.swift in Sources */,
				7574D772270058E100B64842 /* KeychainWrapper.swift in Sources */,
				7574D76A270045EF00B64842 /* VPNManager.swift in Sources */,
				7574D773270058E100B64842 /* KeychainItemAccessibility.swift in Sources */,
				04A67C5A26FF402E003DBDB0 /* WindscribeChallenge.xcdatamodeld in Sources */,
				04A67C5226FF402E003DBDB0 /* SceneDelegate.swift in Sources */,
			);
			runOnlyForDeploymentPostprocessing = 0;
		};
/* End PBXSourcesBuildPhase section */

/* Begin PBXVariantGroup section */
		04A67C5526FF402E003DBDB0 /* Main.storyboard */ = {
			isa = PBXVariantGroup;
			children = (
				04A67C5626FF402E003DBDB0 /* Base */,
			);
			name = Main.storyboard;
			sourceTree = "<group>";
		};
		04A67C5D26FF4030003DBDB0 /* LaunchScreen.storyboard */ = {
			isa = PBXVariantGroup;
			children = (
				04A67C5E26FF4030003DBDB0 /* Base */,
			);
			name = LaunchScreen.storyboard;
			sourceTree = "<group>";
		};
/* End PBXVariantGroup section */

/* Begin XCBuildConfiguration section */
		04A67C6126FF4030003DBDB0 /* Debug */ = {
			isa = XCBuildConfiguration;
			buildSettings = {
				ALWAYS_SEARCH_USER_PATHS = NO;
				CLANG_ANALYZER_NONNULL = YES;
				CLANG_ANALYZER_NUMBER_OBJECT_CONVERSION = YES_AGGRESSIVE;
				CLANG_CXX_LANGUAGE_STANDARD = "gnu++14";
				CLANG_CXX_LIBRARY = "libc++";
				CLANG_ENABLE_MODULES = YES;
				CLANG_ENABLE_OBJC_ARC = YES;
				CLANG_ENABLE_OBJC_WEAK = YES;
				CLANG_WARN_BLOCK_CAPTURE_AUTORELEASING = YES;
				CLANG_WARN_BOOL_CONVERSION = YES;
				CLANG_WARN_COMMA = YES;
				CLANG_WARN_CONSTANT_CONVERSION = YES;
				CLANG_WARN_DEPRECATED_OBJC_IMPLEMENTATIONS = YES;
				CLANG_WARN_DIRECT_OBJC_ISA_USAGE = YES_ERROR;
				CLANG_WARN_DOCUMENTATION_COMMENTS = YES;
				CLANG_WARN_EMPTY_BODY = YES;
				CLANG_WARN_ENUM_CONVERSION = YES;
				CLANG_WARN_INFINITE_RECURSION = YES;
				CLANG_WARN_INT_CONVERSION = YES;
				CLANG_WARN_NON_LITERAL_NULL_CONVERSION = YES;
				CLANG_WARN_OBJC_IMPLICIT_RETAIN_SELF = YES;
				CLANG_WARN_OBJC_LITERAL_CONVERSION = YES;
				CLANG_WARN_OBJC_ROOT_CLASS = YES_ERROR;
				CLANG_WARN_QUOTED_INCLUDE_IN_FRAMEWORK_HEADER = YES;
				CLANG_WARN_RANGE_LOOP_ANALYSIS = YES;
				CLANG_WARN_STRICT_PROTOTYPES = YES;
				CLANG_WARN_SUSPICIOUS_MOVE = YES;
				CLANG_WARN_UNGUARDED_AVAILABILITY = YES_AGGRESSIVE;
				CLANG_WARN_UNREACHABLE_CODE = YES;
				CLANG_WARN__DUPLICATE_METHOD_MATCH = YES;
				COPY_PHASE_STRIP = NO;
				DEBUG_INFORMATION_FORMAT = dwarf;
				ENABLE_STRICT_OBJC_MSGSEND = YES;
				ENABLE_TESTABILITY = YES;
				GCC_C_LANGUAGE_STANDARD = gnu11;
				GCC_DYNAMIC_NO_PIC = NO;
				GCC_NO_COMMON_BLOCKS = YES;
				GCC_OPTIMIZATION_LEVEL = 0;
				GCC_PREPROCESSOR_DEFINITIONS = (
					"DEBUG=1",
					"$(inherited)",
				);
				GCC_WARN_64_TO_32_BIT_CONVERSION = YES;
				GCC_WARN_ABOUT_RETURN_TYPE = YES_ERROR;
				GCC_WARN_UNDECLARED_SELECTOR = YES;
				GCC_WARN_UNINITIALIZED_AUTOS = YES_AGGRESSIVE;
				GCC_WARN_UNUSED_FUNCTION = YES;
				GCC_WARN_UNUSED_VARIABLE = YES;
				IPHONEOS_DEPLOYMENT_TARGET = 14.5;
				MTL_ENABLE_DEBUG_INFO = INCLUDE_SOURCE;
				MTL_FAST_MATH = YES;
				ONLY_ACTIVE_ARCH = YES;
				SDKROOT = iphoneos;
				SWIFT_ACTIVE_COMPILATION_CONDITIONS = DEBUG;
				SWIFT_OPTIMIZATION_LEVEL = "-Onone";
			};
			name = Debug;
		};
		04A67C6226FF4030003DBDB0 /* Release */ = {
			isa = XCBuildConfiguration;
			buildSettings = {
				ALWAYS_SEARCH_USER_PATHS = NO;
				CLANG_ANALYZER_NONNULL = YES;
				CLANG_ANALYZER_NUMBER_OBJECT_CONVERSION = YES_AGGRESSIVE;
				CLANG_CXX_LANGUAGE_STANDARD = "gnu++14";
				CLANG_CXX_LIBRARY = "libc++";
				CLANG_ENABLE_MODULES = YES;
				CLANG_ENABLE_OBJC_ARC = YES;
				CLANG_ENABLE_OBJC_WEAK = YES;
				CLANG_WARN_BLOCK_CAPTURE_AUTORELEASING = YES;
				CLANG_WARN_BOOL_CONVERSION = YES;
				CLANG_WARN_COMMA = YES;
				CLANG_WARN_CONSTANT_CONVERSION = YES;
				CLANG_WARN_DEPRECATED_OBJC_IMPLEMENTATIONS = YES;
				CLANG_WARN_DIRECT_OBJC_ISA_USAGE = YES_ERROR;
				CLANG_WARN_DOCUMENTATION_COMMENTS = YES;
				CLANG_WARN_EMPTY_BODY = YES;
				CLANG_WARN_ENUM_CONVERSION = YES;
				CLANG_WARN_INFINITE_RECURSION = YES;
				CLANG_WARN_INT_CONVERSION = YES;
				CLANG_WARN_NON_LITERAL_NULL_CONVERSION = YES;
				CLANG_WARN_OBJC_IMPLICIT_RETAIN_SELF = YES;
				CLANG_WARN_OBJC_LITERAL_CONVERSION = YES;
				CLANG_WARN_OBJC_ROOT_CLASS = YES_ERROR;
				CLANG_WARN_QUOTED_INCLUDE_IN_FRAMEWORK_HEADER = YES;
				CLANG_WARN_RANGE_LOOP_ANALYSIS = YES;
				CLANG_WARN_STRICT_PROTOTYPES = YES;
				CLANG_WARN_SUSPICIOUS_MOVE = YES;
				CLANG_WARN_UNGUARDED_AVAILABILITY = YES_AGGRESSIVE;
				CLANG_WARN_UNREACHABLE_CODE = YES;
				CLANG_WARN__DUPLICATE_METHOD_MATCH = YES;
				COPY_PHASE_STRIP = NO;
				DEBUG_INFORMATION_FORMAT = "dwarf-with-dsym";
				ENABLE_NS_ASSERTIONS = NO;
				ENABLE_STRICT_OBJC_MSGSEND = YES;
				GCC_C_LANGUAGE_STANDARD = gnu11;
				GCC_NO_COMMON_BLOCKS = YES;
				GCC_WARN_64_TO_32_BIT_CONVERSION = YES;
				GCC_WARN_ABOUT_RETURN_TYPE = YES_ERROR;
				GCC_WARN_UNDECLARED_SELECTOR = YES;
				GCC_WARN_UNINITIALIZED_AUTOS = YES_AGGRESSIVE;
				GCC_WARN_UNUSED_FUNCTION = YES;
				GCC_WARN_UNUSED_VARIABLE = YES;
				IPHONEOS_DEPLOYMENT_TARGET = 14.5;
				MTL_ENABLE_DEBUG_INFO = NO;
				MTL_FAST_MATH = YES;
				SDKROOT = iphoneos;
				SWIFT_COMPILATION_MODE = wholemodule;
				SWIFT_OPTIMIZATION_LEVEL = "-O";
				VALIDATE_PRODUCT = YES;
			};
			name = Release;
		};
		04A67C6426FF4030003DBDB0 /* Debug */ = {
			isa = XCBuildConfiguration;
			baseConfigurationReference = 9F77FC365F61B333EE2DDE89 /* Pods-WindscribeChallenge.debug.xcconfig */;
			buildSettings = {
				ASSETCATALOG_COMPILER_APPICON_NAME = AppIcon;
				ASSETCATALOG_COMPILER_GLOBAL_ACCENT_COLOR_NAME = AccentColor;
				CODE_SIGN_ENTITLEMENTS = WindscribeChallenge/Resources/WindscribeChallenge.entitlements;
				CODE_SIGN_STYLE = Automatic;
				DEVELOPMENT_TEAM = K2TYLYAWMK;
				INFOPLIST_FILE = WindscribeChallenge/Resources/Info.plist;
				LD_RUNPATH_SEARCH_PATHS = (
					"$(inherited)",
					"@executable_path/Frameworks",
				);
				PRODUCT_BUNDLE_IDENTIFIER = core.movie;
				PRODUCT_NAME = "$(TARGET_NAME)";
				SWIFT_VERSION = 5.0;
				TARGETED_DEVICE_FAMILY = "1,2";
			};
			name = Debug;
		};
		04A67C6526FF4030003DBDB0 /* Release */ = {
			isa = XCBuildConfiguration;
			baseConfigurationReference = F1BB61F6117A97594D81B26A /* Pods-WindscribeChallenge.release.xcconfig */;
			buildSettings = {
				ASSETCATALOG_COMPILER_APPICON_NAME = AppIcon;
				ASSETCATALOG_COMPILER_GLOBAL_ACCENT_COLOR_NAME = AccentColor;
				CODE_SIGN_ENTITLEMENTS = WindscribeChallenge/Resources/WindscribeChallenge.entitlements;
				CODE_SIGN_STYLE = Automatic;
				DEVELOPMENT_TEAM = K2TYLYAWMK;
				INFOPLIST_FILE = WindscribeChallenge/Resources/Info.plist;
				LD_RUNPATH_SEARCH_PATHS = (
					"$(inherited)",
					"@executable_path/Frameworks",
				);
				PRODUCT_BUNDLE_IDENTIFIER = core.movie;
				PRODUCT_NAME = "$(TARGET_NAME)";
				SWIFT_VERSION = 5.0;
				TARGETED_DEVICE_FAMILY = "1,2";
			};
			name = Release;
		};
/* End XCBuildConfiguration section */

/* Begin XCConfigurationList section */
		04A67C4726FF402E003DBDB0 /* Build configuration list for PBXProject "WindscribeChallenge" */ = {
			isa = XCConfigurationList;
			buildConfigurations = (
				04A67C6126FF4030003DBDB0 /* Debug */,
				04A67C6226FF4030003DBDB0 /* Release */,
			);
			defaultConfigurationIsVisible = 0;
			defaultConfigurationName = Release;
		};
		04A67C6326FF4030003DBDB0 /* Build configuration list for PBXNativeTarget "WindscribeChallenge" */ = {
			isa = XCConfigurationList;
			buildConfigurations = (
				04A67C6426FF4030003DBDB0 /* Debug */,
				04A67C6526FF4030003DBDB0 /* Release */,
			);
			defaultConfigurationIsVisible = 0;
			defaultConfigurationName = Release;
		};
/* End XCConfigurationList section */

/* Begin XCVersionGroup section */
		04A67C5826FF402E003DBDB0 /* WindscribeChallenge.xcdatamodeld */ = {
			isa = XCVersionGroup;
			children = (
				04A67C5926FF402E003DBDB0 /* WindscribeChallenge.xcdatamodel */,
			);
			currentVersion = 04A67C5926FF402E003DBDB0 /* WindscribeChallenge.xcdatamodel */;
			path = WindscribeChallenge.xcdatamodeld;
			sourceTree = "<group>";
			versionGroupType = wrapper.xcdatamodel;
		};
/* End XCVersionGroup section */
	};
	rootObject = 04A67C4426FF402E003DBDB0 /* Project object */;
}
